
Microsoft Visual Studio Solution File, Format Version 12.00
# Visual Studio 14
VisualStudioVersion = 14.0.25420.1
MinimumVisualStudioVersion = 10.0.40219.1
Project("{FAE04EC0-301F-11D3-BF4B-00C04F79EFBC}") = "Cloud Manager", "Cloud Manager\Cloud Manager.csproj", "{6F001441-E901-43D1-994E-9D92E94FDD37}"
EndProject
Project("{FAE04EC0-301F-11D3-BF4B-00C04F79EFBC}") = "Form.UI", "main.UI\Form.UI.csproj", "{6EBC1E2A-584A-4745-B7FA-A72078227E8F}"
EndProject
Project("{FAE04EC0-301F-11D3-BF4B-00C04F79EFBC}") = "Core", "Core\Core.csproj", "{4352CB2F-D948-446B-9813-41078B880D5D}"
EndProject
Project("{FAE04EC0-301F-11D3-BF4B-00C04F79EFBC}") = "SupDataDll", "SupDataDll\SupDataDll.csproj", "{1BA7CB56-B57D-4B70-ACAA-3935980BF30B}"
EndProject
Project("{FAE04EC0-301F-11D3-BF4B-00C04F79EFBC}") = "GoogleDriveHttprequest", "GoogleDriveHttprequest\GoogleDriveHttprequest.csproj", "{A5F0A551-680E-442F-8A17-B6C231B1D2FB}"
EndProject
Project("{FAE04EC0-301F-11D3-BF4B-00C04F79EFBC}") = "CustomHttpRequest", "..\HttpRequest\HttpRequest\CustomHttpRequest.csproj", "{05F48952-77DC-447C-9202-CE6A25A58D3C}"
EndProject
Project("{FAE04EC0-301F-11D3-BF4B-00C04F79EFBC}") = "DropboxHttprequest", "DropboxHttprequest\DropboxHttprequest.csproj", "{0829E63D-0FA8-41B9-9CF2-52B83122F94F}"
EndProject
Project("{FAE04EC0-301F-11D3-BF4B-00C04F79EFBC}") = "WPF.UI", "WPF.UI\WPF.UI.csproj", "{D38C5ED9-F279-48E4-848B-92205DE03A01}"
EndProject
Project("{FAE04EC0-301F-11D3-BF4B-00C04F79EFBC}") = "Aga.Controls", "Aga.Controls\Aga.Controls.csproj", "{E73BB233-D88B-44A7-A98F-D71EE158381D}"
EndProject
Global
	GlobalSection(SolutionConfigurationPlatforms) = preSolution
		Debug|Any CPU = Debug|Any CPU
		Debug|x86 = Debug|x86
		Release|Any CPU = Release|Any CPU
		Release|x86 = Release|x86
	EndGlobalSection
	GlobalSection(ProjectConfigurationPlatforms) = postSolution
		{6F001441-E901-43D1-994E-9D92E94FDD37}.Debug|Any CPU.ActiveCfg = Debug|Any CPU
		{6F001441-E901-43D1-994E-9D92E94FDD37}.Debug|Any CPU.Build.0 = Debug|Any CPU
		{6F001441-E901-43D1-994E-9D92E94FDD37}.Debug|x86.ActiveCfg = Debug|Any CPU
		{6F001441-E901-43D1-994E-9D92E94FDD37}.Debug|x86.Build.0 = Debug|Any CPU
		{6F001441-E901-43D1-994E-9D92E94FDD37}.Release|Any CPU.ActiveCfg = Release|Any CPU
		{6F001441-E901-43D1-994E-9D92E94FDD37}.Release|Any CPU.Build.0 = Release|Any CPU
		{6F001441-E901-43D1-994E-9D92E94FDD37}.Release|x86.ActiveCfg = Release|x86
		{6F001441-E901-43D1-994E-9D92E94FDD37}.Release|x86.Build.0 = Release|x86
		{6EBC1E2A-584A-4745-B7FA-A72078227E8F}.Debug|Any CPU.ActiveCfg = Debug|Any CPU
		{6EBC1E2A-584A-4745-B7FA-A72078227E8F}.Debug|Any CPU.Build.0 = Debug|Any CPU
		{6EBC1E2A-584A-4745-B7FA-A72078227E8F}.Debug|x86.ActiveCfg = Debug|x86
		{6EBC1E2A-584A-4745-B7FA-A72078227E8F}.Debug|x86.Build.0 = Debug|x86
		{6EBC1E2A-584A-4745-B7FA-A72078227E8F}.Release|Any CPU.ActiveCfg = Release|Any CPU
		{6EBC1E2A-584A-4745-B7FA-A72078227E8F}.Release|Any CPU.Build.0 = Release|Any CPU
		{6EBC1E2A-584A-4745-B7FA-A72078227E8F}.Release|x86.ActiveCfg = Release|x86
		{6EBC1E2A-584A-4745-B7FA-A72078227E8F}.Release|x86.Build.0 = Release|x86
		{4352CB2F-D948-446B-9813-41078B880D5D}.Debug|Any CPU.ActiveCfg = Debug|Any CPU
		{4352CB2F-D948-446B-9813-41078B880D5D}.Debug|Any CPU.Build.0 = Debug|Any CPU
		{4352CB2F-D948-446B-9813-41078B880D5D}.Debug|x86.ActiveCfg = Debug|x86
		{4352CB2F-D948-446B-9813-41078B880D5D}.Debug|x86.Build.0 = Debug|x86
		{4352CB2F-D948-446B-9813-41078B880D5D}.Release|Any CPU.ActiveCfg = Release|Any CPU
		{4352CB2F-D948-446B-9813-41078B880D5D}.Release|Any CPU.Build.0 = Release|Any CPU
		{4352CB2F-D948-446B-9813-41078B880D5D}.Release|x86.ActiveCfg = Release|x86
		{4352CB2F-D948-446B-9813-41078B880D5D}.Release|x86.Build.0 = Release|x86
		{1BA7CB56-B57D-4B70-ACAA-3935980BF30B}.Debug|Any CPU.ActiveCfg = Debug|Any CPU
		{1BA7CB56-B57D-4B70-ACAA-3935980BF30B}.Debug|Any CPU.Build.0 = Debug|Any CPU
		{1BA7CB56-B57D-4B70-ACAA-3935980BF30B}.Debug|x86.ActiveCfg = Debug|x86
		{1BA7CB56-B57D-4B70-ACAA-3935980BF30B}.Debug|x86.Build.0 = Debug|x86
		{1BA7CB56-B57D-4B70-ACAA-3935980BF30B}.Release|Any CPU.ActiveCfg = Release|Any CPU
		{1BA7CB56-B57D-4B70-ACAA-3935980BF30B}.Release|Any CPU.Build.0 = Release|Any CPU
		{1BA7CB56-B57D-4B70-ACAA-3935980BF30B}.Release|x86.ActiveCfg = Release|x86
		{1BA7CB56-B57D-4B70-ACAA-3935980BF30B}.Release|x86.Build.0 = Release|x86
		{A5F0A551-680E-442F-8A17-B6C231B1D2FB}.Debug|Any CPU.ActiveCfg = Debug|Any CPU
		{A5F0A551-680E-442F-8A17-B6C231B1D2FB}.Debug|Any CPU.Build.0 = Debug|Any CPU
		{A5F0A551-680E-442F-8A17-B6C231B1D2FB}.Debug|x86.ActiveCfg = Debug|Any CPU
		{A5F0A551-680E-442F-8A17-B6C231B1D2FB}.Debug|x86.Build.0 = Debug|Any CPU
		{A5F0A551-680E-442F-8A17-B6C231B1D2FB}.Release|Any CPU.ActiveCfg = Release|Any CPU
		{A5F0A551-680E-442F-8A17-B6C231B1D2FB}.Release|Any CPU.Build.0 = Release|Any CPU
		{A5F0A551-680E-442F-8A17-B6C231B1D2FB}.Release|x86.ActiveCfg = Release|Any CPU
		{A5F0A551-680E-442F-8A17-B6C231B1D2FB}.Release|x86.Build.0 = Release|Any CPU
		{05F48952-77DC-447C-9202-CE6A25A58D3C}.Debug|Any CPU.ActiveCfg = Debug|Any CPU
		{05F48952-77DC-447C-9202-CE6A25A58D3C}.Debug|Any CPU.Build.0 = Debug|Any CPU
		{05F48952-77DC-447C-9202-CE6A25A58D3C}.Debug|x86.ActiveCfg = Debug|x86
		{05F48952-77DC-447C-9202-CE6A25A58D3C}.Debug|x86.Build.0 = Debug|x86
		{05F48952-77DC-447C-9202-CE6A25A58D3C}.Release|Any CPU.ActiveCfg = Release|Any CPU
		{05F48952-77DC-447C-9202-CE6A25A58D3C}.Release|Any CPU.Build.0 = Release|Any CPU
		{05F48952-77DC-447C-9202-CE6A25A58D3C}.Release|x86.ActiveCfg = Release|x86
		{05F48952-77DC-447C-9202-CE6A25A58D3C}.Release|x86.Build.0 = Release|x86
		{0829E63D-0FA8-41B9-9CF2-52B83122F94F}.Debug|Any CPU.ActiveCfg = Debug|Any CPU
		{0829E63D-0FA8-41B9-9CF2-52B83122F94F}.Debug|Any CPU.Build.0 = Debug|Any CPU
		{0829E63D-0FA8-41B9-9CF2-52B83122F94F}.Debug|x86.ActiveCfg = Debug|x86
		{0829E63D-0FA8-41B9-9CF2-52B83122F94F}.Debug|x86.Build.0 = Debug|x86
		{0829E63D-0FA8-41B9-9CF2-52B83122F94F}.Release|Any CPU.ActiveCfg = Release|Any CPU
		{0829E63D-0FA8-41B9-9CF2-52B83122F94F}.Release|Any CPU.Build.0 = Release|Any CPU
		{0829E63D-0FA8-41B9-9CF2-52B83122F94F}.Release|x86.ActiveCfg = Release|x86
		{0829E63D-0FA8-41B9-9CF2-52B83122F94F}.Release|x86.Build.0 = Release|x86
		{D38C5ED9-F279-48E4-848B-92205DE03A01}.Debug|Any CPU.ActiveCfg = Debug|Any CPU
		{D38C5ED9-F279-48E4-848B-92205DE03A01}.Debug|Any CPU.Build.0 = Debug|Any CPU
		{D38C5ED9-F279-48E4-848B-92205DE03A01}.Debug|x86.ActiveCfg = Debug|Any CPU
		{D38C5ED9-F279-48E4-848B-92205DE03A01}.Debug|x86.Build.0 = Debug|Any CPU
		{D38C5ED9-F279-48E4-848B-92205DE03A01}.Release|Any CPU.ActiveCfg = Release|Any CPU
		{D38C5ED9-F279-48E4-848B-92205DE03A01}.Release|Any CPU.Build.0 = Release|Any CPU
		{D38C5ED9-F279-48E4-848B-92205DE03A01}.Release|x86.ActiveCfg = Release|Any CPU
		{D38C5ED9-F279-48E4-848B-92205DE03A01}.Release|x86.Build.0 = Release|Any CPU
		{E73BB233-D88B-44A7-A98F-D71EE158381D}.Debug|Any CPU.ActiveCfg = Debug|Any CPU
		{E73BB233-D88B-44A7-A98F-D71EE158381D}.Debug|Any CPU.Build.0 = Debug|Any CPU
		{E73BB233-D88B-44A7-A98F-D71EE158381D}.Debug|x86.ActiveCfg = Debug|Any CPU
		{E73BB233-D88B-44A7-A98F-D71EE158381D}.Debug|x86.Build.0 = Debug|Any CPU
		{E73BB233-D88B-44A7-A98F-D71EE158381D}.Release|Any CPU.ActiveCfg = Release|Any CPU
		{E73BB233-D88B-44A7-A98F-D71EE158381D}.Release|Any CPU.Build.0 = Release|Any CPU
		{E73BB233-D88B-44A7-A98F-D71EE158381D}.Release|x86.ActiveCfg = Release|Any CPU
		{E73BB233-D88B-44A7-A98F-D71EE158381D}.Release|x86.Build.0 = Release|Any CPU
	EndGlobalSection
	GlobalSection(SolutionProperties) = preSolution
		HideSolutionNode = FALSE
	EndGlobalSection
EndGlobal
