
Microsoft Visual Studio Solution File, Format Version 12.00
# Visual Studio 14
VisualStudioVersion = 14.0.25420.1
MinimumVisualStudioVersion = 10.0.40219.1
Project("{FAE04EC0-301F-11D3-BF4B-00C04F79EFBC}") = "Cloud Manager", "Cloud Manager\Cloud Manager.csproj", "{EEB042C5-861E-4FD2-9F90-FF6425C31619}"
EndProject
Project("{FAE04EC0-301F-11D3-BF4B-00C04F79EFBC}") = "Core", "Core\Core.csproj", "{1FF27BDB-F1ED-4EB2-9F6F-1D28DC32E0F9}"
EndProject
Project("{FAE04EC0-301F-11D3-BF4B-00C04F79EFBC}") = "CustomHttpRequest", "CustomHttpRequest\CustomHttpRequest.csproj", "{1D279A6B-CE8D-4184-B9AB-BC24C6F69045}"
EndProject
Project("{FAE04EC0-301F-11D3-BF4B-00C04F79EFBC}") = "SupDataDll", "SupDataDll\SupDataDll.csproj", "{700EED73-135E-422D-A06E-738D3AD057A1}"
EndProject
Project("{FAE04EC0-301F-11D3-BF4B-00C04F79EFBC}") = "FormUI", "FormUI\FormUI.csproj", "{8EA03A73-86CC-4CDF-B5B8-68094F2DF352}"
EndProject
Project("{FAE04EC0-301F-11D3-BF4B-00C04F79EFBC}") = "WpfUI", "WpfUI\WpfUI.csproj", "{8462DC0C-B74E-48AF-9C53-094CC4773586}"
EndProject
Project("{FAE04EC0-301F-11D3-BF4B-00C04F79EFBC}") = "Aga.Controls", "Aga.Controls\Aga.Controls.csproj", "{D17CD489-1B14-47EB-8C22-C189D078AEC9}"
EndProject
Project("{FAE04EC0-301F-11D3-BF4B-00C04F79EFBC}") = "Cloud", "Cloud\Cloud.csproj", "{0B8A1A7D-0267-48A9-BAD6-DCDE5104D660}"
EndProject
Global
	GlobalSection(SolutionConfigurationPlatforms) = preSolution
		Debug|Any CPU = Debug|Any CPU
		Debug|x86 = Debug|x86
		Release|Any CPU = Release|Any CPU
		Release|x86 = Release|x86
	EndGlobalSection
	GlobalSection(ProjectConfigurationPlatforms) = postSolution
		{EEB042C5-861E-4FD2-9F90-FF6425C31619}.Debug|Any CPU.ActiveCfg = Debug|Any CPU
		{EEB042C5-861E-4FD2-9F90-FF6425C31619}.Debug|Any CPU.Build.0 = Debug|Any CPU
		{EEB042C5-861E-4FD2-9F90-FF6425C31619}.Debug|x86.ActiveCfg = Debug|Any CPU
		{EEB042C5-861E-4FD2-9F90-FF6425C31619}.Debug|x86.Build.0 = Debug|Any CPU
		{EEB042C5-861E-4FD2-9F90-FF6425C31619}.Release|Any CPU.ActiveCfg = Release|Any CPU
		{EEB042C5-861E-4FD2-9F90-FF6425C31619}.Release|Any CPU.Build.0 = Release|Any CPU
		{EEB042C5-861E-4FD2-9F90-FF6425C31619}.Release|x86.ActiveCfg = Release|Any CPU
		{EEB042C5-861E-4FD2-9F90-FF6425C31619}.Release|x86.Build.0 = Release|Any CPU
		{1FF27BDB-F1ED-4EB2-9F6F-1D28DC32E0F9}.Debug|Any CPU.ActiveCfg = Debug|Any CPU
		{1FF27BDB-F1ED-4EB2-9F6F-1D28DC32E0F9}.Debug|Any CPU.Build.0 = Debug|Any CPU
		{1FF27BDB-F1ED-4EB2-9F6F-1D28DC32E0F9}.Debug|x86.ActiveCfg = Debug|Any CPU
		{1FF27BDB-F1ED-4EB2-9F6F-1D28DC32E0F9}.Debug|x86.Build.0 = Debug|Any CPU
		{1FF27BDB-F1ED-4EB2-9F6F-1D28DC32E0F9}.Release|Any CPU.ActiveCfg = Release|Any CPU
		{1FF27BDB-F1ED-4EB2-9F6F-1D28DC32E0F9}.Release|Any CPU.Build.0 = Release|Any CPU
		{1FF27BDB-F1ED-4EB2-9F6F-1D28DC32E0F9}.Release|x86.ActiveCfg = Release|Any CPU
		{1FF27BDB-F1ED-4EB2-9F6F-1D28DC32E0F9}.Release|x86.Build.0 = Release|Any CPU
		{1D279A6B-CE8D-4184-B9AB-BC24C6F69045}.Debug|Any CPU.ActiveCfg = Debug|Any CPU
		{1D279A6B-CE8D-4184-B9AB-BC24C6F69045}.Debug|Any CPU.Build.0 = Debug|Any CPU
		{1D279A6B-CE8D-4184-B9AB-BC24C6F69045}.Debug|x86.ActiveCfg = Debug|Any CPU
		{1D279A6B-CE8D-4184-B9AB-BC24C6F69045}.Debug|x86.Build.0 = Debug|Any CPU
		{1D279A6B-CE8D-4184-B9AB-BC24C6F69045}.Release|Any CPU.ActiveCfg = Release|Any CPU
		{1D279A6B-CE8D-4184-B9AB-BC24C6F69045}.Release|Any CPU.Build.0 = Release|Any CPU
		{1D279A6B-CE8D-4184-B9AB-BC24C6F69045}.Release|x86.ActiveCfg = Release|Any CPU
		{1D279A6B-CE8D-4184-B9AB-BC24C6F69045}.Release|x86.Build.0 = Release|Any CPU
		{700EED73-135E-422D-A06E-738D3AD057A1}.Debug|Any CPU.ActiveCfg = Debug|Any CPU
		{700EED73-135E-422D-A06E-738D3AD057A1}.Debug|Any CPU.Build.0 = Debug|Any CPU
		{700EED73-135E-422D-A06E-738D3AD057A1}.Debug|x86.ActiveCfg = Debug|Any CPU
		{700EED73-135E-422D-A06E-738D3AD057A1}.Debug|x86.Build.0 = Debug|Any CPU
		{700EED73-135E-422D-A06E-738D3AD057A1}.Release|Any CPU.ActiveCfg = Release|Any CPU
		{700EED73-135E-422D-A06E-738D3AD057A1}.Release|Any CPU.Build.0 = Release|Any CPU
		{700EED73-135E-422D-A06E-738D3AD057A1}.Release|x86.ActiveCfg = Release|Any CPU
		{700EED73-135E-422D-A06E-738D3AD057A1}.Release|x86.Build.0 = Release|Any CPU
		{8EA03A73-86CC-4CDF-B5B8-68094F2DF352}.Debug|Any CPU.ActiveCfg = Debug|Any CPU
		{8EA03A73-86CC-4CDF-B5B8-68094F2DF352}.Debug|Any CPU.Build.0 = Debug|Any CPU
		{8EA03A73-86CC-4CDF-B5B8-68094F2DF352}.Debug|x86.ActiveCfg = Debug|Any CPU
		{8EA03A73-86CC-4CDF-B5B8-68094F2DF352}.Debug|x86.Build.0 = Debug|Any CPU
		{8EA03A73-86CC-4CDF-B5B8-68094F2DF352}.Release|Any CPU.ActiveCfg = Release|Any CPU
		{8EA03A73-86CC-4CDF-B5B8-68094F2DF352}.Release|Any CPU.Build.0 = Release|Any CPU
		{8EA03A73-86CC-4CDF-B5B8-68094F2DF352}.Release|x86.ActiveCfg = Release|Any CPU
		{8EA03A73-86CC-4CDF-B5B8-68094F2DF352}.Release|x86.Build.0 = Release|Any CPU
		{8462DC0C-B74E-48AF-9C53-094CC4773586}.Debug|Any CPU.ActiveCfg = Debug|Any CPU
		{8462DC0C-B74E-48AF-9C53-094CC4773586}.Debug|Any CPU.Build.0 = Debug|Any CPU
		{8462DC0C-B74E-48AF-9C53-094CC4773586}.Debug|x86.ActiveCfg = Debug|Any CPU
		{8462DC0C-B74E-48AF-9C53-094CC4773586}.Debug|x86.Build.0 = Debug|Any CPU
		{8462DC0C-B74E-48AF-9C53-094CC4773586}.Release|Any CPU.ActiveCfg = Release|Any CPU
		{8462DC0C-B74E-48AF-9C53-094CC4773586}.Release|Any CPU.Build.0 = Release|Any CPU
		{8462DC0C-B74E-48AF-9C53-094CC4773586}.Release|x86.ActiveCfg = Release|Any CPU
		{8462DC0C-B74E-48AF-9C53-094CC4773586}.Release|x86.Build.0 = Release|Any CPU
		{D17CD489-1B14-47EB-8C22-C189D078AEC9}.Debug|Any CPU.ActiveCfg = Debug|Any CPU
		{D17CD489-1B14-47EB-8C22-C189D078AEC9}.Debug|Any CPU.Build.0 = Debug|Any CPU
		{D17CD489-1B14-47EB-8C22-C189D078AEC9}.Debug|Any CPU.Deploy.0 = Debug|Any CPU
		{D17CD489-1B14-47EB-8C22-C189D078AEC9}.Debug|x86.ActiveCfg = Debug|Any CPU
		{D17CD489-1B14-47EB-8C22-C189D078AEC9}.Debug|x86.Build.0 = Debug|Any CPU
		{D17CD489-1B14-47EB-8C22-C189D078AEC9}.Release|Any CPU.ActiveCfg = Release|Any CPU
		{D17CD489-1B14-47EB-8C22-C189D078AEC9}.Release|Any CPU.Build.0 = Release|Any CPU
		{D17CD489-1B14-47EB-8C22-C189D078AEC9}.Release|x86.ActiveCfg = Release|Any CPU
		{D17CD489-1B14-47EB-8C22-C189D078AEC9}.Release|x86.Build.0 = Release|Any CPU
		{0B8A1A7D-0267-48A9-BAD6-DCDE5104D660}.Debug|Any CPU.ActiveCfg = Debug|Any CPU
		{0B8A1A7D-0267-48A9-BAD6-DCDE5104D660}.Debug|Any CPU.Build.0 = Debug|Any CPU
		{0B8A1A7D-0267-48A9-BAD6-DCDE5104D660}.Debug|x86.ActiveCfg = Debug|Any CPU
		{0B8A1A7D-0267-48A9-BAD6-DCDE5104D660}.Debug|x86.Build.0 = Debug|Any CPU
		{0B8A1A7D-0267-48A9-BAD6-DCDE5104D660}.Release|Any CPU.ActiveCfg = Release|Any CPU
		{0B8A1A7D-0267-48A9-BAD6-DCDE5104D660}.Release|Any CPU.Build.0 = Release|Any CPU
		{0B8A1A7D-0267-48A9-BAD6-DCDE5104D660}.Release|x86.ActiveCfg = Release|Any CPU
		{0B8A1A7D-0267-48A9-BAD6-DCDE5104D660}.Release|x86.Build.0 = Release|Any CPU
	EndGlobalSection
	GlobalSection(SolutionProperties) = preSolution
		HideSolutionNode = FALSE
	EndGlobalSection
EndGlobal
